
Microsoft Visual Studio Solution File, Format Version 12.00
# Visual Studio Version 16
VisualStudioVersion = 16.0.29905.134
MinimumVisualStudioVersion = 10.0.40219.1
Project("{FAE04EC0-301F-11D3-BF4B-00C04F79EFBC}") = "Kanbersky.SearchPanther.Core", "Kanbersky.SearchPanther.Core\Kanbersky.SearchPanther.Core.csproj", "{B8C22C8A-FE12-43D5-9502-7B575361E148}"
EndProject
Project("{FAE04EC0-301F-11D3-BF4B-00C04F79EFBC}") = "Kanbersky.SearchPanther.DAL", "Kanbersky.SearchPanther.DAL\Kanbersky.SearchPanther.DAL.csproj", "{52FA35AF-3A45-4C8F-B4DB-D0846109D48B}"
EndProject
Project("{FAE04EC0-301F-11D3-BF4B-00C04F79EFBC}") = "Kanbersky.SearchPanther.Business", "Kanbersky.SearchPanther.Business\Kanbersky.SearchPanther.Business.csproj", "{F069691B-F364-4502-BF91-5C9ABA77CEC2}"
EndProject
Project("{FAE04EC0-301F-11D3-BF4B-00C04F79EFBC}") = "Kanbersky.SearchPanther.Entities", "Kanbersky.SearchPanther.Entities\Kanbersky.SearchPanther.Entities.csproj", "{900D0DDB-8891-41C8-8E64-7C13A730C496}"
EndProject
Project("{FAE04EC0-301F-11D3-BF4B-00C04F79EFBC}") = "Kanbersky.SearchPanther.Api", "Kanbersky.SearchPanther.Api\Kanbersky.SearchPanther.Api.csproj", "{82095AB0-DE39-4F95-AB9F-F40792C32F06}"
EndProject
Global
	GlobalSection(SolutionConfigurationPlatforms) = preSolution
		Debug|Any CPU = Debug|Any CPU
		Release|Any CPU = Release|Any CPU
	EndGlobalSection
	GlobalSection(ProjectConfigurationPlatforms) = postSolution
		{B8C22C8A-FE12-43D5-9502-7B575361E148}.Debug|Any CPU.ActiveCfg = Debug|Any CPU
		{B8C22C8A-FE12-43D5-9502-7B575361E148}.Debug|Any CPU.Build.0 = Debug|Any CPU
		{B8C22C8A-FE12-43D5-9502-7B575361E148}.Release|Any CPU.ActiveCfg = Release|Any CPU
		{B8C22C8A-FE12-43D5-9502-7B575361E148}.Release|Any CPU.Build.0 = Release|Any CPU
		{52FA35AF-3A45-4C8F-B4DB-D0846109D48B}.Debug|Any CPU.ActiveCfg = Debug|Any CPU
		{52FA35AF-3A45-4C8F-B4DB-D0846109D48B}.Debug|Any CPU.Build.0 = Debug|Any CPU
		{52FA35AF-3A45-4C8F-B4DB-D0846109D48B}.Release|Any CPU.ActiveCfg = Release|Any CPU
		{52FA35AF-3A45-4C8F-B4DB-D0846109D48B}.Release|Any CPU.Build.0 = Release|Any CPU
		{F069691B-F364-4502-BF91-5C9ABA77CEC2}.Debug|Any CPU.ActiveCfg = Debug|Any CPU
		{F069691B-F364-4502-BF91-5C9ABA77CEC2}.Debug|Any CPU.Build.0 = Debug|Any CPU
		{F069691B-F364-4502-BF91-5C9ABA77CEC2}.Release|Any CPU.ActiveCfg = Release|Any CPU
		{F069691B-F364-4502-BF91-5C9ABA77CEC2}.Release|Any CPU.Build.0 = Release|Any CPU
		{900D0DDB-8891-41C8-8E64-7C13A730C496}.Debug|Any CPU.ActiveCfg = Debug|Any CPU
		{900D0DDB-8891-41C8-8E64-7C13A730C496}.Debug|Any CPU.Build.0 = Debug|Any CPU
		{900D0DDB-8891-41C8-8E64-7C13A730C496}.Release|Any CPU.ActiveCfg = Release|Any CPU
		{900D0DDB-8891-41C8-8E64-7C13A730C496}.Release|Any CPU.Build.0 = Release|Any CPU
		{82095AB0-DE39-4F95-AB9F-F40792C32F06}.Debug|Any CPU.ActiveCfg = Debug|Any CPU
		{82095AB0-DE39-4F95-AB9F-F40792C32F06}.Debug|Any CPU.Build.0 = Debug|Any CPU
		{82095AB0-DE39-4F95-AB9F-F40792C32F06}.Release|Any CPU.ActiveCfg = Release|Any CPU
		{82095AB0-DE39-4F95-AB9F-F40792C32F06}.Release|Any CPU.Build.0 = Release|Any CPU
	EndGlobalSection
	GlobalSection(SolutionProperties) = preSolution
		HideSolutionNode = FALSE
	EndGlobalSection
	GlobalSection(ExtensibilityGlobals) = postSolution
		SolutionGuid = {93E884D1-1FF1-4465-90E5-95BFD0F8C757}
	EndGlobalSection
EndGlobal
